// !$*UTF8*$!
{
	archiveVersion = 1;
	classes = {
	};
	objectVersion = 56;
	objects = {

/* Begin PBXBuildFile section */
		8005C3442C21BED000E720C1 /* FeedImage.swift in Sources */ = {isa = PBXBuildFile; fileRef = 8005C3432C21BED000E720C1 /* FeedImage.swift */; };
		8005C3462C21BF7700E720C1 /* FeedLoader.swift in Sources */ = {isa = PBXBuildFile; fileRef = 8005C3452C21BF7700E720C1 /* FeedLoader.swift */; };
		8005C34B2C21C0F000E720C1 /* LoadFeedFromRemoteUseCaseTests.swift in Sources */ = {isa = PBXBuildFile; fileRef = 8005C34A2C21C0F000E720C1 /* LoadFeedFromRemoteUseCaseTests.swift */; };
		8005C34E2C21CAF300E720C1 /* RemoteFeedLoader.swift in Sources */ = {isa = PBXBuildFile; fileRef = 8005C34D2C21CAF300E720C1 /* RemoteFeedLoader.swift */; };
		802B56B92C884D14008CB49E /* ValidateFeedCacheUseCaseTests.swift in Sources */ = {isa = PBXBuildFile; fileRef = 802B56B82C884D14008CB49E /* ValidateFeedCacheUseCaseTests.swift */; };
		802B56BB2C885C3D008CB49E /* FeedCacheTestHelpers.swift in Sources */ = {isa = PBXBuildFile; fileRef = 802B56BA2C885C3D008CB49E /* FeedCacheTestHelpers.swift */; };
		802B56BD2C885CF6008CB49E /* SharedTestHelpers.swift in Sources */ = {isa = PBXBuildFile; fileRef = 802B56BC2C885CF6008CB49E /* SharedTestHelpers.swift */; };
		802B56BF2C886C64008CB49E /* FeedCachePolicy.swift in Sources */ = {isa = PBXBuildFile; fileRef = 802B56BE2C886C64008CB49E /* FeedCachePolicy.swift */; };
		802B56C12C889905008CB49E /* CodableFeedStoreTests.swift in Sources */ = {isa = PBXBuildFile; fileRef = 802B56C02C889905008CB49E /* CodableFeedStoreTests.swift */; };
		8075ACA52C8C9E1000C9462C /* CoreDataHelpers.swift in Sources */ = {isa = PBXBuildFile; fileRef = 8075ACA42C8C9E1000C9462C /* CoreDataHelpers.swift */; };
		8075ACA72C8C9E8900C9462C /* ManagedCache.swift in Sources */ = {isa = PBXBuildFile; fileRef = 8075ACA62C8C9E8900C9462C /* ManagedCache.swift */; };
		8075ACA92C8C9EAC00C9462C /* ManagedFeedImage.swift in Sources */ = {isa = PBXBuildFile; fileRef = 8075ACA82C8C9EAC00C9462C /* ManagedFeedImage.swift */; };
		8075ACB12C8CA32800C9462C /* EssentialFeedCacheIntegrationTests.swift in Sources */ = {isa = PBXBuildFile; fileRef = 8075ACB02C8CA32800C9462C /* EssentialFeedCacheIntegrationTests.swift */; };
		8075ACB22C8CA32800C9462C /* EssentialFeed.framework in Frameworks */ = {isa = PBXBuildFile; fileRef = 80BDE1692C174816007D19CD /* EssentialFeed.framework */; };
		80AE35FF2C2315810064BB10 /* HTTPClient.swift in Sources */ = {isa = PBXBuildFile; fileRef = 80AE35FE2C2315810064BB10 /* HTTPClient.swift */; };
		80AE36012C2315D20064BB10 /* FeedItemsMapper.swift in Sources */ = {isa = PBXBuildFile; fileRef = 80AE36002C2315D20064BB10 /* FeedItemsMapper.swift */; };
		80AE36042C2425650064BB10 /* URLSessionHTTPClientTests.swift in Sources */ = {isa = PBXBuildFile; fileRef = 80AE36032C2425650064BB10 /* URLSessionHTTPClientTests.swift */; };
		80AE36072C25E6220064BB10 /* XCTest+MemoryLeakTracking.swift in Sources */ = {isa = PBXBuildFile; fileRef = 80AE36062C25E6220064BB10 /* XCTest+MemoryLeakTracking.swift */; };
		80AEA0F02C89D8A700C11770 /* CodableFeedStore.swift in Sources */ = {isa = PBXBuildFile; fileRef = 80AEA0EF2C89D8A700C11770 /* CodableFeedStore.swift */; };
		80AEA0F22C8A137D00C11770 /* FeedStoreSpecs.swift in Sources */ = {isa = PBXBuildFile; fileRef = 80AEA0F12C8A137D00C11770 /* FeedStoreSpecs.swift */; };
		80AEA0F42C8A13F000C11770 /* XCTestCase+FeedStoreSpecs.swift in Sources */ = {isa = PBXBuildFile; fileRef = 80AEA0F32C8A13F000C11770 /* XCTestCase+FeedStoreSpecs.swift */; };
		80AEA0F62C8AEF8200C11770 /* XCTestCase+FailableRetrieveFeedStoreSpecs.swift in Sources */ = {isa = PBXBuildFile; fileRef = 80AEA0F52C8AEF8200C11770 /* XCTestCase+FailableRetrieveFeedStoreSpecs.swift */; };
		80AEA0F82C8AF0E800C11770 /* XCTestCase+FailableInsertFeedStoreSpecs.swift in Sources */ = {isa = PBXBuildFile; fileRef = 80AEA0F72C8AF0E800C11770 /* XCTestCase+FailableInsertFeedStoreSpecs.swift */; };
		80AEA0FA2C8AF29900C11770 /* XCTestCase+FailableDeleteFeedStoreSpecs.swift in Sources */ = {isa = PBXBuildFile; fileRef = 80AEA0F92C8AF29900C11770 /* XCTestCase+FailableDeleteFeedStoreSpecs.swift */; };
		80AEA0FD2C8AFB4600C11770 /* CoreDataFeedStoreTests.swift in Sources */ = {isa = PBXBuildFile; fileRef = 80AEA0FC2C8AFB4600C11770 /* CoreDataFeedStoreTests.swift */; };
		80AEA0FF2C8AFBDC00C11770 /* CoreDataFeedStore.swift in Sources */ = {isa = PBXBuildFile; fileRef = 80AEA0FE2C8AFBDC00C11770 /* CoreDataFeedStore.swift */; };
		80AEA1122C8B5EB500C11770 /* FeedStore.xcdatamodeld in Sources */ = {isa = PBXBuildFile; fileRef = 80AEA1102C8B5EB500C11770 /* FeedStore.xcdatamodeld */; };
		80BDE1722C174816007D19CD /* EssentialFeed.framework in Frameworks */ = {isa = PBXBuildFile; fileRef = 80BDE1692C174816007D19CD /* EssentialFeed.framework */; };
		80BDE1782C174816007D19CD /* EssentialFeed.h in Headers */ = {isa = PBXBuildFile; fileRef = 80BDE16C2C174816007D19CD /* EssentialFeed.h */; settings = {ATTRIBUTES = (Public, ); }; };
		80C16EB92C7C8B1D0028D7CE /* FeedStoreSpy.swift in Sources */ = {isa = PBXBuildFile; fileRef = 80C16EB82C7C8B1D0028D7CE /* FeedStoreSpy.swift */; };
		80C92F732C2606CA007178B6 /* URLSessionHTTPClient.swift in Sources */ = {isa = PBXBuildFile; fileRef = 80C92F722C2606CA007178B6 /* URLSessionHTTPClient.swift */; };
		80C92F7C2C26C2FA007178B6 /* EssentialFeedAPIEndToEndTests.swift in Sources */ = {isa = PBXBuildFile; fileRef = 80C92F7B2C26C2FA007178B6 /* EssentialFeedAPIEndToEndTests.swift */; };
		80C92F7D2C26C2FA007178B6 /* EssentialFeed.framework in Frameworks */ = {isa = PBXBuildFile; fileRef = 80BDE1692C174816007D19CD /* EssentialFeed.framework */; };
		80C92F832C26C9A8007178B6 /* XCTest+MemoryLeakTracking.swift in Sources */ = {isa = PBXBuildFile; fileRef = 80AE36062C25E6220064BB10 /* XCTest+MemoryLeakTracking.swift */; };
		80D522322C7889640006B7AA /* CacheFeedUseCaseTests.swift in Sources */ = {isa = PBXBuildFile; fileRef = 80D522312C7889640006B7AA /* CacheFeedUseCaseTests.swift */; };
		80D522352C78D5840006B7AA /* LocalFeedLoader.swift in Sources */ = {isa = PBXBuildFile; fileRef = 80D522342C78D5840006B7AA /* LocalFeedLoader.swift */; };
		80D522372C78D6490006B7AA /* FeedStore.swift in Sources */ = {isa = PBXBuildFile; fileRef = 80D522362C78D6490006B7AA /* FeedStore.swift */; };
		80D522392C7A5A640006B7AA /* RemoteFeedItem.swift in Sources */ = {isa = PBXBuildFile; fileRef = 80D522382C7A5A640006B7AA /* RemoteFeedItem.swift */; };
		80D5223B2C7A5AE90006B7AA /* LocalFeedImage.swift in Sources */ = {isa = PBXBuildFile; fileRef = 80D5223A2C7A5AE90006B7AA /* LocalFeedImage.swift */; };
		80EA76EA2C7A61FC0069CF17 /* LoadFeedFromCacheUseCaseTests.swift in Sources */ = {isa = PBXBuildFile; fileRef = 80EA76E92C7A61FC0069CF17 /* LoadFeedFromCacheUseCaseTests.swift */; };
/* End PBXBuildFile section */

/* Begin PBXContainerItemProxy section */
		8075ACB32C8CA32800C9462C /* PBXContainerItemProxy */ = {
			isa = PBXContainerItemProxy;
			containerPortal = 80BDE1602C174816007D19CD /* Project object */;
			proxyType = 1;
			remoteGlobalIDString = 80BDE1682C174816007D19CD;
			remoteInfo = EssentialFeed;
		};
		80BDE1732C174816007D19CD /* PBXContainerItemProxy */ = {
			isa = PBXContainerItemProxy;
			containerPortal = 80BDE1602C174816007D19CD /* Project object */;
			proxyType = 1;
			remoteGlobalIDString = 80BDE1682C174816007D19CD;
			remoteInfo = EssentialFeed;
		};
		80C92F7E2C26C2FA007178B6 /* PBXContainerItemProxy */ = {
			isa = PBXContainerItemProxy;
			containerPortal = 80BDE1602C174816007D19CD /* Project object */;
			proxyType = 1;
			remoteGlobalIDString = 80BDE1682C174816007D19CD;
			remoteInfo = EssentialFeed;
		};
/* End PBXContainerItemProxy section */

/* Begin PBXFileReference section */
		8005C3432C21BED000E720C1 /* FeedImage.swift */ = {isa = PBXFileReference; lastKnownFileType = sourcecode.swift; path = FeedImage.swift; sourceTree = "<group>"; };
		8005C3452C21BF7700E720C1 /* FeedLoader.swift */ = {isa = PBXFileReference; lastKnownFileType = sourcecode.swift; path = FeedLoader.swift; sourceTree = "<group>"; };
		8005C34A2C21C0F000E720C1 /* LoadFeedFromRemoteUseCaseTests.swift */ = {isa = PBXFileReference; lastKnownFileType = sourcecode.swift; path = LoadFeedFromRemoteUseCaseTests.swift; sourceTree = "<group>"; };
		8005C34D2C21CAF300E720C1 /* RemoteFeedLoader.swift */ = {isa = PBXFileReference; lastKnownFileType = sourcecode.swift; path = RemoteFeedLoader.swift; sourceTree = "<group>"; };
		802B56B82C884D14008CB49E /* ValidateFeedCacheUseCaseTests.swift */ = {isa = PBXFileReference; lastKnownFileType = sourcecode.swift; path = ValidateFeedCacheUseCaseTests.swift; sourceTree = "<group>"; };
		802B56BA2C885C3D008CB49E /* FeedCacheTestHelpers.swift */ = {isa = PBXFileReference; lastKnownFileType = sourcecode.swift; path = FeedCacheTestHelpers.swift; sourceTree = "<group>"; };
		802B56BC2C885CF6008CB49E /* SharedTestHelpers.swift */ = {isa = PBXFileReference; lastKnownFileType = sourcecode.swift; path = SharedTestHelpers.swift; sourceTree = "<group>"; };
		802B56BE2C886C64008CB49E /* FeedCachePolicy.swift */ = {isa = PBXFileReference; lastKnownFileType = sourcecode.swift; path = FeedCachePolicy.swift; sourceTree = "<group>"; };
		802B56C02C889905008CB49E /* CodableFeedStoreTests.swift */ = {isa = PBXFileReference; lastKnownFileType = sourcecode.swift; path = CodableFeedStoreTests.swift; sourceTree = "<group>"; };
		8075ACA42C8C9E1000C9462C /* CoreDataHelpers.swift */ = {isa = PBXFileReference; lastKnownFileType = sourcecode.swift; path = CoreDataHelpers.swift; sourceTree = "<group>"; };
		8075ACA62C8C9E8900C9462C /* ManagedCache.swift */ = {isa = PBXFileReference; lastKnownFileType = sourcecode.swift; path = ManagedCache.swift; sourceTree = "<group>"; };
		8075ACA82C8C9EAC00C9462C /* ManagedFeedImage.swift */ = {isa = PBXFileReference; lastKnownFileType = sourcecode.swift; path = ManagedFeedImage.swift; sourceTree = "<group>"; };
		8075ACAE2C8CA32800C9462C /* EssentialFeedCacheIntegrationTests.xctest */ = {isa = PBXFileReference; explicitFileType = wrapper.cfbundle; includeInIndex = 0; path = EssentialFeedCacheIntegrationTests.xctest; sourceTree = BUILT_PRODUCTS_DIR; };
		8075ACB02C8CA32800C9462C /* EssentialFeedCacheIntegrationTests.swift */ = {isa = PBXFileReference; lastKnownFileType = sourcecode.swift; path = EssentialFeedCacheIntegrationTests.swift; sourceTree = "<group>"; };
		8075ACB82C8CA3DA00C9462C /* EssentialFeedCacheIntegrationTests.xctestplan */ = {isa = PBXFileReference; lastKnownFileType = text; path = EssentialFeedCacheIntegrationTests.xctestplan; sourceTree = "<group>"; };
		80AE35FE2C2315810064BB10 /* HTTPClient.swift */ = {isa = PBXFileReference; lastKnownFileType = sourcecode.swift; path = HTTPClient.swift; sourceTree = "<group>"; };
		80AE36002C2315D20064BB10 /* FeedItemsMapper.swift */ = {isa = PBXFileReference; lastKnownFileType = sourcecode.swift; path = FeedItemsMapper.swift; sourceTree = "<group>"; };
		80AE36032C2425650064BB10 /* URLSessionHTTPClientTests.swift */ = {isa = PBXFileReference; lastKnownFileType = sourcecode.swift; path = URLSessionHTTPClientTests.swift; sourceTree = "<group>"; };
		80AE36062C25E6220064BB10 /* XCTest+MemoryLeakTracking.swift */ = {isa = PBXFileReference; lastKnownFileType = sourcecode.swift; path = "XCTest+MemoryLeakTracking.swift"; sourceTree = "<group>"; };
		80AEA0EF2C89D8A700C11770 /* CodableFeedStore.swift */ = {isa = PBXFileReference; lastKnownFileType = sourcecode.swift; path = CodableFeedStore.swift; sourceTree = "<group>"; };
		80AEA0F12C8A137D00C11770 /* FeedStoreSpecs.swift */ = {isa = PBXFileReference; lastKnownFileType = sourcecode.swift; path = FeedStoreSpecs.swift; sourceTree = "<group>"; };
		80AEA0F32C8A13F000C11770 /* XCTestCase+FeedStoreSpecs.swift */ = {isa = PBXFileReference; lastKnownFileType = sourcecode.swift; path = "XCTestCase+FeedStoreSpecs.swift"; sourceTree = "<group>"; };
		80AEA0F52C8AEF8200C11770 /* XCTestCase+FailableRetrieveFeedStoreSpecs.swift */ = {isa = PBXFileReference; lastKnownFileType = sourcecode.swift; path = "XCTestCase+FailableRetrieveFeedStoreSpecs.swift"; sourceTree = "<group>"; };
		80AEA0F72C8AF0E800C11770 /* XCTestCase+FailableInsertFeedStoreSpecs.swift */ = {isa = PBXFileReference; lastKnownFileType = sourcecode.swift; path = "XCTestCase+FailableInsertFeedStoreSpecs.swift"; sourceTree = "<group>"; };
		80AEA0F92C8AF29900C11770 /* XCTestCase+FailableDeleteFeedStoreSpecs.swift */ = {isa = PBXFileReference; lastKnownFileType = sourcecode.swift; path = "XCTestCase+FailableDeleteFeedStoreSpecs.swift"; sourceTree = "<group>"; };
		80AEA0FC2C8AFB4600C11770 /* CoreDataFeedStoreTests.swift */ = {isa = PBXFileReference; lastKnownFileType = sourcecode.swift; path = CoreDataFeedStoreTests.swift; sourceTree = "<group>"; };
		80AEA0FE2C8AFBDC00C11770 /* CoreDataFeedStore.swift */ = {isa = PBXFileReference; lastKnownFileType = sourcecode.swift; path = CoreDataFeedStore.swift; sourceTree = "<group>"; };
		80AEA1112C8B5EB500C11770 /* FeedStore.xcdatamodel */ = {isa = PBXFileReference; lastKnownFileType = wrapper.xcdatamodel; path = FeedStore.xcdatamodel; sourceTree = "<group>"; };
		80BDE1692C174816007D19CD /* EssentialFeed.framework */ = {isa = PBXFileReference; explicitFileType = wrapper.framework; includeInIndex = 0; path = EssentialFeed.framework; sourceTree = BUILT_PRODUCTS_DIR; };
		80BDE16C2C174816007D19CD /* EssentialFeed.h */ = {isa = PBXFileReference; lastKnownFileType = sourcecode.c.h; path = EssentialFeed.h; sourceTree = "<group>"; };
		80BDE1712C174816007D19CD /* EssentialFeedTests.xctest */ = {isa = PBXFileReference; explicitFileType = wrapper.cfbundle; includeInIndex = 0; path = EssentialFeedTests.xctest; sourceTree = BUILT_PRODUCTS_DIR; };
		80C16EB82C7C8B1D0028D7CE /* FeedStoreSpy.swift */ = {isa = PBXFileReference; lastKnownFileType = sourcecode.swift; path = FeedStoreSpy.swift; sourceTree = "<group>"; };
		80C92F722C2606CA007178B6 /* URLSessionHTTPClient.swift */ = {isa = PBXFileReference; lastKnownFileType = sourcecode.swift; path = URLSessionHTTPClient.swift; sourceTree = "<group>"; };
		80C92F742C26C0AA007178B6 /* EssentialFeed.xctestplan */ = {isa = PBXFileReference; lastKnownFileType = text; path = EssentialFeed.xctestplan; sourceTree = "<group>"; };
		80C92F792C26C2FA007178B6 /* EssentialFeedAPIEndToEndTests.xctest */ = {isa = PBXFileReference; explicitFileType = wrapper.cfbundle; includeInIndex = 0; path = EssentialFeedAPIEndToEndTests.xctest; sourceTree = BUILT_PRODUCTS_DIR; };
		80C92F7B2C26C2FA007178B6 /* EssentialFeedAPIEndToEndTests.swift */ = {isa = PBXFileReference; lastKnownFileType = sourcecode.swift; path = EssentialFeedAPIEndToEndTests.swift; sourceTree = "<group>"; };
		80C92F842C26CAFE007178B6 /* CI.xctestplan */ = {isa = PBXFileReference; lastKnownFileType = text; path = CI.xctestplan; sourceTree = "<group>"; };
		80D522312C7889640006B7AA /* CacheFeedUseCaseTests.swift */ = {isa = PBXFileReference; lastKnownFileType = sourcecode.swift; path = CacheFeedUseCaseTests.swift; sourceTree = "<group>"; };
		80D522342C78D5840006B7AA /* LocalFeedLoader.swift */ = {isa = PBXFileReference; lastKnownFileType = sourcecode.swift; path = LocalFeedLoader.swift; sourceTree = "<group>"; };
		80D522362C78D6490006B7AA /* FeedStore.swift */ = {isa = PBXFileReference; lastKnownFileType = sourcecode.swift; path = FeedStore.swift; sourceTree = "<group>"; };
		80D522382C7A5A640006B7AA /* RemoteFeedItem.swift */ = {isa = PBXFileReference; lastKnownFileType = sourcecode.swift; path = RemoteFeedItem.swift; sourceTree = "<group>"; };
		80D5223A2C7A5AE90006B7AA /* LocalFeedImage.swift */ = {isa = PBXFileReference; lastKnownFileType = sourcecode.swift; path = LocalFeedImage.swift; sourceTree = "<group>"; };
		80EA76E92C7A61FC0069CF17 /* LoadFeedFromCacheUseCaseTests.swift */ = {isa = PBXFileReference; lastKnownFileType = sourcecode.swift; path = LoadFeedFromCacheUseCaseTests.swift; sourceTree = "<group>"; };
/* End PBXFileReference section */

/* Begin PBXFrameworksBuildPhase section */
		8075ACAB2C8CA32800C9462C /* Frameworks */ = {
			isa = PBXFrameworksBuildPhase;
			buildActionMask = 2147483647;
			files = (
				8075ACB22C8CA32800C9462C /* EssentialFeed.framework in Frameworks */,
			);
			runOnlyForDeploymentPostprocessing = 0;
		};
		80BDE1662C174816007D19CD /* Frameworks */ = {
			isa = PBXFrameworksBuildPhase;
			buildActionMask = 2147483647;
			files = (
			);
			runOnlyForDeploymentPostprocessing = 0;
		};
		80BDE16E2C174816007D19CD /* Frameworks */ = {
			isa = PBXFrameworksBuildPhase;
			buildActionMask = 2147483647;
			files = (
				80BDE1722C174816007D19CD /* EssentialFeed.framework in Frameworks */,
			);
			runOnlyForDeploymentPostprocessing = 0;
		};
		80C92F762C26C2FA007178B6 /* Frameworks */ = {
			isa = PBXFrameworksBuildPhase;
			buildActionMask = 2147483647;
			files = (
				80C92F7D2C26C2FA007178B6 /* EssentialFeed.framework in Frameworks */,
			);
			runOnlyForDeploymentPostprocessing = 0;
		};
/* End PBXFrameworksBuildPhase section */

/* Begin PBXGroup section */
		8005C3472C21C02700E720C1 /* FeedFeature */ = {
			isa = PBXGroup;
			children = (
				8005C3432C21BED000E720C1 /* FeedImage.swift */,
				8005C3452C21BF7700E720C1 /* FeedLoader.swift */,
			);
			path = FeedFeature;
			sourceTree = "<group>";
		};
		8005C34C2C21CAD100E720C1 /* FeedAPI */ = {
			isa = PBXGroup;
			children = (
				8005C34D2C21CAF300E720C1 /* RemoteFeedLoader.swift */,
				80AE36002C2315D20064BB10 /* FeedItemsMapper.swift */,
				80D522382C7A5A640006B7AA /* RemoteFeedItem.swift */,
				80AE35FE2C2315810064BB10 /* HTTPClient.swift */,
				80C92F722C2606CA007178B6 /* URLSessionHTTPClient.swift */,
			);
			path = FeedAPI;
			sourceTree = "<group>";
		};
		8075ACA12C8C9D8700C9462C /* Infrastructure */ = {
			isa = PBXGroup;
			children = (
				8075ACA32C8C9DD500C9462C /* Codable */,
				8075ACA22C8C9D9800C9462C /* CoreData */,
			);
			path = Infrastructure;
			sourceTree = "<group>";
		};
		8075ACA22C8C9D9800C9462C /* CoreData */ = {
			isa = PBXGroup;
			children = (
				80AEA0FE2C8AFBDC00C11770 /* CoreDataFeedStore.swift */,
				8075ACA42C8C9E1000C9462C /* CoreDataHelpers.swift */,
				8075ACA62C8C9E8900C9462C /* ManagedCache.swift */,
				8075ACA82C8C9EAC00C9462C /* ManagedFeedImage.swift */,
				80AEA1102C8B5EB500C11770 /* FeedStore.xcdatamodeld */,
			);
			path = CoreData;
			sourceTree = "<group>";
		};
		8075ACA32C8C9DD500C9462C /* Codable */ = {
			isa = PBXGroup;
			children = (
				80AEA0EF2C89D8A700C11770 /* CodableFeedStore.swift */,
			);
			path = Codable;
			sourceTree = "<group>";
		};
		8075ACAF2C8CA32800C9462C /* EssentialFeedCacheIntegrationTests */ = {
			isa = PBXGroup;
			children = (
				8075ACB02C8CA32800C9462C /* EssentialFeedCacheIntegrationTests.swift */,
			);
			path = EssentialFeedCacheIntegrationTests;
			sourceTree = "<group>";
		};
		80AE36022C231CEF0064BB10 /* FeedAPI */ = {
			isa = PBXGroup;
			children = (
				8005C34A2C21C0F000E720C1 /* LoadFeedFromRemoteUseCaseTests.swift */,
				80AE36032C2425650064BB10 /* URLSessionHTTPClientTests.swift */,
			);
			path = FeedAPI;
			sourceTree = "<group>";
		};
		80AE36052C25E6000064BB10 /* Helpers */ = {
			isa = PBXGroup;
			children = (
				80AE36062C25E6220064BB10 /* XCTest+MemoryLeakTracking.swift */,
				802B56BC2C885CF6008CB49E /* SharedTestHelpers.swift */,
			);
			path = Helpers;
			sourceTree = "<group>";
		};
		80AEA0FB2C8AF36500C11770 /* FeedStoreSpecs */ = {
			isa = PBXGroup;
			children = (
				80AEA0F12C8A137D00C11770 /* FeedStoreSpecs.swift */,
				80AEA0F32C8A13F000C11770 /* XCTestCase+FeedStoreSpecs.swift */,
				80AEA0F52C8AEF8200C11770 /* XCTestCase+FailableRetrieveFeedStoreSpecs.swift */,
				80AEA0F72C8AF0E800C11770 /* XCTestCase+FailableInsertFeedStoreSpecs.swift */,
				80AEA0F92C8AF29900C11770 /* XCTestCase+FailableDeleteFeedStoreSpecs.swift */,
			);
			path = FeedStoreSpecs;
			sourceTree = "<group>";
		};
		80BDE15F2C174816007D19CD = {
			isa = PBXGroup;
			children = (
				8075ACB82C8CA3DA00C9462C /* EssentialFeedCacheIntegrationTests.xctestplan */,
				80C92F842C26CAFE007178B6 /* CI.xctestplan */,
				80C92F742C26C0AA007178B6 /* EssentialFeed.xctestplan */,
				80BDE16B2C174816007D19CD /* EssentialFeed */,
				80BDE1752C174816007D19CD /* EssentialFeedTests */,
				80C92F7A2C26C2FA007178B6 /* EssentialFeedAPIEndToEndTests */,
				8075ACAF2C8CA32800C9462C /* EssentialFeedCacheIntegrationTests */,
				80BDE16A2C174816007D19CD /* Products */,
			);
			sourceTree = "<group>";
		};
		80BDE16A2C174816007D19CD /* Products */ = {
			isa = PBXGroup;
			children = (
				80BDE1692C174816007D19CD /* EssentialFeed.framework */,
				80BDE1712C174816007D19CD /* EssentialFeedTests.xctest */,
				80C92F792C26C2FA007178B6 /* EssentialFeedAPIEndToEndTests.xctest */,
				8075ACAE2C8CA32800C9462C /* EssentialFeedCacheIntegrationTests.xctest */,
			);
			name = Products;
			sourceTree = "<group>";
		};
		80BDE16B2C174816007D19CD /* EssentialFeed */ = {
			isa = PBXGroup;
			children = (
				80BDE16C2C174816007D19CD /* EssentialFeed.h */,
				80D522332C78D5750006B7AA /* FeedCache */,
				8005C3472C21C02700E720C1 /* FeedFeature */,
				8005C34C2C21CAD100E720C1 /* FeedAPI */,
			);
			path = EssentialFeed;
			sourceTree = "<group>";
		};
		80BDE1752C174816007D19CD /* EssentialFeedTests */ = {
			isa = PBXGroup;
			children = (
				80AE36052C25E6000064BB10 /* Helpers */,
				80D522302C7889210006B7AA /* FeedCache */,
				80AE36022C231CEF0064BB10 /* FeedAPI */,
			);
			path = EssentialFeedTests;
			sourceTree = "<group>";
		};
		80C16EB72C7C8B100028D7CE /* Helpers */ = {
			isa = PBXGroup;
			children = (
				80C16EB82C7C8B1D0028D7CE /* FeedStoreSpy.swift */,
				802B56BA2C885C3D008CB49E /* FeedCacheTestHelpers.swift */,
			);
			path = Helpers;
			sourceTree = "<group>";
		};
		80C92F7A2C26C2FA007178B6 /* EssentialFeedAPIEndToEndTests */ = {
			isa = PBXGroup;
			children = (
				80C92F7B2C26C2FA007178B6 /* EssentialFeedAPIEndToEndTests.swift */,
			);
			path = EssentialFeedAPIEndToEndTests;
			sourceTree = "<group>";
		};
		80D522302C7889210006B7AA /* FeedCache */ = {
			isa = PBXGroup;
			children = (
				80C16EB72C7C8B100028D7CE /* Helpers */,
				80D522312C7889640006B7AA /* CacheFeedUseCaseTests.swift */,
				80EA76E92C7A61FC0069CF17 /* LoadFeedFromCacheUseCaseTests.swift */,
				802B56B82C884D14008CB49E /* ValidateFeedCacheUseCaseTests.swift */,
				802B56C02C889905008CB49E /* CodableFeedStoreTests.swift */,
				80AEA0FC2C8AFB4600C11770 /* CoreDataFeedStoreTests.swift */,
				80AEA0FB2C8AF36500C11770 /* FeedStoreSpecs */,
			);
			path = FeedCache;
			sourceTree = "<group>";
		};
		80D522332C78D5750006B7AA /* FeedCache */ = {
			isa = PBXGroup;
			children = (
				8075ACA12C8C9D8700C9462C /* Infrastructure */,
				80D522342C78D5840006B7AA /* LocalFeedLoader.swift */,
				80D522362C78D6490006B7AA /* FeedStore.swift */,
				80D5223A2C7A5AE90006B7AA /* LocalFeedImage.swift */,
				802B56BE2C886C64008CB49E /* FeedCachePolicy.swift */,
			);
			path = FeedCache;
			sourceTree = "<group>";
		};
/* End PBXGroup section */

/* Begin PBXHeadersBuildPhase section */
		80BDE1642C174816007D19CD /* Headers */ = {
			isa = PBXHeadersBuildPhase;
			buildActionMask = 2147483647;
			files = (
				80BDE1782C174816007D19CD /* EssentialFeed.h in Headers */,
			);
			runOnlyForDeploymentPostprocessing = 0;
		};
/* End PBXHeadersBuildPhase section */

/* Begin PBXNativeTarget section */
		8075ACAD2C8CA32800C9462C /* EssentialFeedCacheIntegrationTests */ = {
			isa = PBXNativeTarget;
			buildConfigurationList = 8075ACB52C8CA32800C9462C /* Build configuration list for PBXNativeTarget "EssentialFeedCacheIntegrationTests" */;
			buildPhases = (
				8075ACAA2C8CA32800C9462C /* Sources */,
				8075ACAB2C8CA32800C9462C /* Frameworks */,
				8075ACAC2C8CA32800C9462C /* Resources */,
			);
			buildRules = (
			);
			dependencies = (
				8075ACB42C8CA32800C9462C /* PBXTargetDependency */,
			);
			name = EssentialFeedCacheIntegrationTests;
			productName = EssentialFeedCacheIntegrationTests;
			productReference = 8075ACAE2C8CA32800C9462C /* EssentialFeedCacheIntegrationTests.xctest */;
			productType = "com.apple.product-type.bundle.unit-test";
		};
		80BDE1682C174816007D19CD /* EssentialFeed */ = {
			isa = PBXNativeTarget;
			buildConfigurationList = 80BDE17B2C174816007D19CD /* Build configuration list for PBXNativeTarget "EssentialFeed" */;
			buildPhases = (
				80BDE1642C174816007D19CD /* Headers */,
				80BDE1652C174816007D19CD /* Sources */,
				80BDE1662C174816007D19CD /* Frameworks */,
				80BDE1672C174816007D19CD /* Resources */,
			);
			buildRules = (
			);
			dependencies = (
			);
			name = EssentialFeed;
			productName = EssentialFeed;
			productReference = 80BDE1692C174816007D19CD /* EssentialFeed.framework */;
			productType = "com.apple.product-type.framework";
		};
		80BDE1702C174816007D19CD /* EssentialFeedTests */ = {
			isa = PBXNativeTarget;
			buildConfigurationList = 80BDE17E2C174816007D19CD /* Build configuration list for PBXNativeTarget "EssentialFeedTests" */;
			buildPhases = (
				80BDE16D2C174816007D19CD /* Sources */,
				80BDE16E2C174816007D19CD /* Frameworks */,
				80BDE16F2C174816007D19CD /* Resources */,
			);
			buildRules = (
			);
			dependencies = (
				80BDE1742C174816007D19CD /* PBXTargetDependency */,
			);
			name = EssentialFeedTests;
			productName = EssentialFeedTests;
			productReference = 80BDE1712C174816007D19CD /* EssentialFeedTests.xctest */;
			productType = "com.apple.product-type.bundle.unit-test";
		};
		80C92F782C26C2FA007178B6 /* EssentialFeedAPIEndToEndTests */ = {
			isa = PBXNativeTarget;
			buildConfigurationList = 80C92F802C26C2FA007178B6 /* Build configuration list for PBXNativeTarget "EssentialFeedAPIEndToEndTests" */;
			buildPhases = (
				80C92F752C26C2FA007178B6 /* Sources */,
				80C92F762C26C2FA007178B6 /* Frameworks */,
				80C92F772C26C2FA007178B6 /* Resources */,
			);
			buildRules = (
			);
			dependencies = (
				80C92F7F2C26C2FA007178B6 /* PBXTargetDependency */,
			);
			name = EssentialFeedAPIEndToEndTests;
			productName = EssentialFeedAPIEndToEndTests;
			productReference = 80C92F792C26C2FA007178B6 /* EssentialFeedAPIEndToEndTests.xctest */;
			productType = "com.apple.product-type.bundle.unit-test";
		};
/* End PBXNativeTarget section */

/* Begin PBXProject section */
		80BDE1602C174816007D19CD /* Project object */ = {
			isa = PBXProject;
			attributes = {
				BuildIndependentTargetsInParallel = 1;
				LastSwiftUpdateCheck = 1540;
				LastUpgradeCheck = 1540;
				TargetAttributes = {
					8075ACAD2C8CA32800C9462C = {
						CreatedOnToolsVersion = 15.4;
					};
					80BDE1682C174816007D19CD = {
						CreatedOnToolsVersion = 15.2;
						LastSwiftMigration = 1520;
					};
					80BDE1702C174816007D19CD = {
						CreatedOnToolsVersion = 15.2;
					};
					80C92F782C26C2FA007178B6 = {
						CreatedOnToolsVersion = 15.2;
					};
				};
			};
			buildConfigurationList = 80BDE1632C174816007D19CD /* Build configuration list for PBXProject "EssentialFeed" */;
			compatibilityVersion = "Xcode 14.0";
			developmentRegion = en;
			hasScannedForEncodings = 0;
			knownRegions = (
				en,
				Base,
			);
			mainGroup = 80BDE15F2C174816007D19CD;
			productRefGroup = 80BDE16A2C174816007D19CD /* Products */;
			projectDirPath = "";
			projectRoot = "";
			targets = (
				80BDE1682C174816007D19CD /* EssentialFeed */,
				80BDE1702C174816007D19CD /* EssentialFeedTests */,
				80C92F782C26C2FA007178B6 /* EssentialFeedAPIEndToEndTests */,
				8075ACAD2C8CA32800C9462C /* EssentialFeedCacheIntegrationTests */,
			);
		};
/* End PBXProject section */

/* Begin PBXResourcesBuildPhase section */
		8075ACAC2C8CA32800C9462C /* Resources */ = {
			isa = PBXResourcesBuildPhase;
			buildActionMask = 2147483647;
			files = (
			);
			runOnlyForDeploymentPostprocessing = 0;
		};
		80BDE1672C174816007D19CD /* Resources */ = {
			isa = PBXResourcesBuildPhase;
			buildActionMask = 2147483647;
			files = (
			);
			runOnlyForDeploymentPostprocessing = 0;
		};
		80BDE16F2C174816007D19CD /* Resources */ = {
			isa = PBXResourcesBuildPhase;
			buildActionMask = 2147483647;
			files = (
			);
			runOnlyForDeploymentPostprocessing = 0;
		};
		80C92F772C26C2FA007178B6 /* Resources */ = {
			isa = PBXResourcesBuildPhase;
			buildActionMask = 2147483647;
			files = (
			);
			runOnlyForDeploymentPostprocessing = 0;
		};
/* End PBXResourcesBuildPhase section */

/* Begin PBXSourcesBuildPhase section */
		8075ACAA2C8CA32800C9462C /* Sources */ = {
			isa = PBXSourcesBuildPhase;
			buildActionMask = 2147483647;
			files = (
				8075ACB12C8CA32800C9462C /* EssentialFeedCacheIntegrationTests.swift in Sources */,
			);
			runOnlyForDeploymentPostprocessing = 0;
		};
		80BDE1652C174816007D19CD /* Sources */ = {
			isa = PBXSourcesBuildPhase;
			buildActionMask = 2147483647;
			files = (
				8075ACA52C8C9E1000C9462C /* CoreDataHelpers.swift in Sources */,
				80AE36012C2315D20064BB10 /* FeedItemsMapper.swift in Sources */,
				8005C3462C21BF7700E720C1 /* FeedLoader.swift in Sources */,
				80D522392C7A5A640006B7AA /* RemoteFeedItem.swift in Sources */,
				802B56BF2C886C64008CB49E /* FeedCachePolicy.swift in Sources */,
				8005C34E2C21CAF300E720C1 /* RemoteFeedLoader.swift in Sources */,
				80AEA1122C8B5EB500C11770 /* FeedStore.xcdatamodeld in Sources */,
				80D5223B2C7A5AE90006B7AA /* LocalFeedImage.swift in Sources */,
				80D522372C78D6490006B7AA /* FeedStore.swift in Sources */,
				80D522352C78D5840006B7AA /* LocalFeedLoader.swift in Sources */,
				80AEA0F02C89D8A700C11770 /* CodableFeedStore.swift in Sources */,
				80AE35FF2C2315810064BB10 /* HTTPClient.swift in Sources */,
				8005C3442C21BED000E720C1 /* FeedImage.swift in Sources */,
				80C92F732C2606CA007178B6 /* URLSessionHTTPClient.swift in Sources */,
				8075ACA72C8C9E8900C9462C /* ManagedCache.swift in Sources */,
				80AEA0FF2C8AFBDC00C11770 /* CoreDataFeedStore.swift in Sources */,
				8075ACA92C8C9EAC00C9462C /* ManagedFeedImage.swift in Sources */,
			);
			runOnlyForDeploymentPostprocessing = 0;
		};
		80BDE16D2C174816007D19CD /* Sources */ = {
			isa = PBXSourcesBuildPhase;
			buildActionMask = 2147483647;
			files = (
				802B56C12C889905008CB49E /* CodableFeedStoreTests.swift in Sources */,
				802B56BB2C885C3D008CB49E /* FeedCacheTestHelpers.swift in Sources */,
				802B56B92C884D14008CB49E /* ValidateFeedCacheUseCaseTests.swift in Sources */,
				80AE36072C25E6220064BB10 /* XCTest+MemoryLeakTracking.swift in Sources */,
				80AEA0F82C8AF0E800C11770 /* XCTestCase+FailableInsertFeedStoreSpecs.swift in Sources */,
				8005C34B2C21C0F000E720C1 /* LoadFeedFromRemoteUseCaseTests.swift in Sources */,
				80C16EB92C7C8B1D0028D7CE /* FeedStoreSpy.swift in Sources */,
				802B56BD2C885CF6008CB49E /* SharedTestHelpers.swift in Sources */,
				80D522322C7889640006B7AA /* CacheFeedUseCaseTests.swift in Sources */,
				80AEA0FA2C8AF29900C11770 /* XCTestCase+FailableDeleteFeedStoreSpecs.swift in Sources */,
				80AEA0F62C8AEF8200C11770 /* XCTestCase+FailableRetrieveFeedStoreSpecs.swift in Sources */,
				80EA76EA2C7A61FC0069CF17 /* LoadFeedFromCacheUseCaseTests.swift in Sources */,
				80AEA0F22C8A137D00C11770 /* FeedStoreSpecs.swift in Sources */,
				80AE36042C2425650064BB10 /* URLSessionHTTPClientTests.swift in Sources */,
				80AEA0FD2C8AFB4600C11770 /* CoreDataFeedStoreTests.swift in Sources */,
				80AEA0F42C8A13F000C11770 /* XCTestCase+FeedStoreSpecs.swift in Sources */,
			);
			runOnlyForDeploymentPostprocessing = 0;
		};
		80C92F752C26C2FA007178B6 /* Sources */ = {
			isa = PBXSourcesBuildPhase;
			buildActionMask = 2147483647;
			files = (
				80C92F7C2C26C2FA007178B6 /* EssentialFeedAPIEndToEndTests.swift in Sources */,
				80C92F832C26C9A8007178B6 /* XCTest+MemoryLeakTracking.swift in Sources */,
			);
			runOnlyForDeploymentPostprocessing = 0;
		};
/* End PBXSourcesBuildPhase section */

/* Begin PBXTargetDependency section */
		8075ACB42C8CA32800C9462C /* PBXTargetDependency */ = {
			isa = PBXTargetDependency;
			target = 80BDE1682C174816007D19CD /* EssentialFeed */;
			targetProxy = 8075ACB32C8CA32800C9462C /* PBXContainerItemProxy */;
		};
		80BDE1742C174816007D19CD /* PBXTargetDependency */ = {
			isa = PBXTargetDependency;
			target = 80BDE1682C174816007D19CD /* EssentialFeed */;
			targetProxy = 80BDE1732C174816007D19CD /* PBXContainerItemProxy */;
		};
		80C92F7F2C26C2FA007178B6 /* PBXTargetDependency */ = {
			isa = PBXTargetDependency;
			target = 80BDE1682C174816007D19CD /* EssentialFeed */;
			targetProxy = 80C92F7E2C26C2FA007178B6 /* PBXContainerItemProxy */;
		};
/* End PBXTargetDependency section */

/* Begin XCBuildConfiguration section */
		8075ACB62C8CA32800C9462C /* Debug */ = {
			isa = XCBuildConfiguration;
			buildSettings = {
				CODE_SIGN_STYLE = Automatic;
				CURRENT_PROJECT_VERSION = 1;
				DEVELOPMENT_TEAM = VTR8R2VT5H;
				GENERATE_INFOPLIST_FILE = YES;
				MACOSX_DEPLOYMENT_TARGET = 14.5;
				MARKETING_VERSION = 1.0;
				PRODUCT_BUNDLE_IDENTIFIER = me.mariomastrandrea.EssentialFeedCacheIntegrationTests;
				PRODUCT_NAME = "$(TARGET_NAME)";
				SWIFT_EMIT_LOC_STRINGS = NO;
				SWIFT_VERSION = 5.0;
			};
			name = Debug;
		};
		8075ACB72C8CA32800C9462C /* Release */ = {
			isa = XCBuildConfiguration;
			buildSettings = {
				CODE_SIGN_STYLE = Automatic;
				CURRENT_PROJECT_VERSION = 1;
				DEVELOPMENT_TEAM = VTR8R2VT5H;
				GENERATE_INFOPLIST_FILE = YES;
				MACOSX_DEPLOYMENT_TARGET = 14.5;
				MARKETING_VERSION = 1.0;
				PRODUCT_BUNDLE_IDENTIFIER = me.mariomastrandrea.EssentialFeedCacheIntegrationTests;
				PRODUCT_NAME = "$(TARGET_NAME)";
				SWIFT_EMIT_LOC_STRINGS = NO;
				SWIFT_VERSION = 5.0;
			};
			name = Release;
		};
		80BDE1792C174816007D19CD /* Debug */ = {
			isa = XCBuildConfiguration;
			buildSettings = {
				ALWAYS_SEARCH_USER_PATHS = NO;
				ASSETCATALOG_COMPILER_GENERATE_SWIFT_ASSET_SYMBOL_EXTENSIONS = YES;
				CLANG_ANALYZER_NONNULL = YES;
				CLANG_ANALYZER_NUMBER_OBJECT_CONVERSION = YES_AGGRESSIVE;
				CLANG_CXX_LANGUAGE_STANDARD = "gnu++20";
				CLANG_ENABLE_MODULES = YES;
				CLANG_ENABLE_OBJC_ARC = YES;
				CLANG_ENABLE_OBJC_WEAK = YES;
				CLANG_WARN_BLOCK_CAPTURE_AUTORELEASING = YES;
				CLANG_WARN_BOOL_CONVERSION = YES;
				CLANG_WARN_COMMA = YES;
				CLANG_WARN_CONSTANT_CONVERSION = YES;
				CLANG_WARN_DEPRECATED_OBJC_IMPLEMENTATIONS = YES;
				CLANG_WARN_DIRECT_OBJC_ISA_USAGE = YES_ERROR;
				CLANG_WARN_DOCUMENTATION_COMMENTS = YES;
				CLANG_WARN_EMPTY_BODY = YES;
				CLANG_WARN_ENUM_CONVERSION = YES;
				CLANG_WARN_INFINITE_RECURSION = YES;
				CLANG_WARN_INT_CONVERSION = YES;
				CLANG_WARN_NON_LITERAL_NULL_CONVERSION = YES;
				CLANG_WARN_OBJC_IMPLICIT_RETAIN_SELF = YES;
				CLANG_WARN_OBJC_LITERAL_CONVERSION = YES;
				CLANG_WARN_OBJC_ROOT_CLASS = YES_ERROR;
				CLANG_WARN_QUOTED_INCLUDE_IN_FRAMEWORK_HEADER = YES;
				CLANG_WARN_RANGE_LOOP_ANALYSIS = YES;
				CLANG_WARN_STRICT_PROTOTYPES = YES;
				CLANG_WARN_SUSPICIOUS_MOVE = YES;
				CLANG_WARN_UNGUARDED_AVAILABILITY = YES_AGGRESSIVE;
				CLANG_WARN_UNREACHABLE_CODE = YES;
				CLANG_WARN__DUPLICATE_METHOD_MATCH = YES;
				COPY_PHASE_STRIP = NO;
				CURRENT_PROJECT_VERSION = 1;
				DEAD_CODE_STRIPPING = YES;
				DEBUG_INFORMATION_FORMAT = dwarf;
				ENABLE_STRICT_OBJC_MSGSEND = YES;
				ENABLE_TESTABILITY = YES;
				ENABLE_USER_SCRIPT_SANDBOXING = YES;
				GCC_C_LANGUAGE_STANDARD = gnu17;
				GCC_DYNAMIC_NO_PIC = NO;
				GCC_NO_COMMON_BLOCKS = YES;
				GCC_OPTIMIZATION_LEVEL = 0;
				GCC_PREPROCESSOR_DEFINITIONS = (
					"DEBUG=1",
					"$(inherited)",
				);
				GCC_WARN_64_TO_32_BIT_CONVERSION = YES;
				GCC_WARN_ABOUT_RETURN_TYPE = YES_ERROR;
				GCC_WARN_UNDECLARED_SELECTOR = YES;
				GCC_WARN_UNINITIALIZED_AUTOS = YES_AGGRESSIVE;
				GCC_WARN_UNUSED_FUNCTION = YES;
				GCC_WARN_UNUSED_VARIABLE = YES;
				LOCALIZATION_PREFERS_STRING_CATALOGS = YES;
				MACOSX_DEPLOYMENT_TARGET = 13.6;
				MTL_ENABLE_DEBUG_INFO = INCLUDE_SOURCE;
				MTL_FAST_MATH = YES;
				ONLY_ACTIVE_ARCH = YES;
				SDKROOT = macosx;
				SWIFT_ACTIVE_COMPILATION_CONDITIONS = "DEBUG $(inherited)";
				SWIFT_OPTIMIZATION_LEVEL = "-Onone";
				VERSIONING_SYSTEM = "apple-generic";
				VERSION_INFO_PREFIX = "";
			};
			name = Debug;
		};
		80BDE17A2C174816007D19CD /* Release */ = {
			isa = XCBuildConfiguration;
			buildSettings = {
				ALWAYS_SEARCH_USER_PATHS = NO;
				ASSETCATALOG_COMPILER_GENERATE_SWIFT_ASSET_SYMBOL_EXTENSIONS = YES;
				CLANG_ANALYZER_NONNULL = YES;
				CLANG_ANALYZER_NUMBER_OBJECT_CONVERSION = YES_AGGRESSIVE;
				CLANG_CXX_LANGUAGE_STANDARD = "gnu++20";
				CLANG_ENABLE_MODULES = YES;
				CLANG_ENABLE_OBJC_ARC = YES;
				CLANG_ENABLE_OBJC_WEAK = YES;
				CLANG_WARN_BLOCK_CAPTURE_AUTORELEASING = YES;
				CLANG_WARN_BOOL_CONVERSION = YES;
				CLANG_WARN_COMMA = YES;
				CLANG_WARN_CONSTANT_CONVERSION = YES;
				CLANG_WARN_DEPRECATED_OBJC_IMPLEMENTATIONS = YES;
				CLANG_WARN_DIRECT_OBJC_ISA_USAGE = YES_ERROR;
				CLANG_WARN_DOCUMENTATION_COMMENTS = YES;
				CLANG_WARN_EMPTY_BODY = YES;
				CLANG_WARN_ENUM_CONVERSION = YES;
				CLANG_WARN_INFINITE_RECURSION = YES;
				CLANG_WARN_INT_CONVERSION = YES;
				CLANG_WARN_NON_LITERAL_NULL_CONVERSION = YES;
				CLANG_WARN_OBJC_IMPLICIT_RETAIN_SELF = YES;
				CLANG_WARN_OBJC_LITERAL_CONVERSION = YES;
				CLANG_WARN_OBJC_ROOT_CLASS = YES_ERROR;
				CLANG_WARN_QUOTED_INCLUDE_IN_FRAMEWORK_HEADER = YES;
				CLANG_WARN_RANGE_LOOP_ANALYSIS = YES;
				CLANG_WARN_STRICT_PROTOTYPES = YES;
				CLANG_WARN_SUSPICIOUS_MOVE = YES;
				CLANG_WARN_UNGUARDED_AVAILABILITY = YES_AGGRESSIVE;
				CLANG_WARN_UNREACHABLE_CODE = YES;
				CLANG_WARN__DUPLICATE_METHOD_MATCH = YES;
				COPY_PHASE_STRIP = NO;
				CURRENT_PROJECT_VERSION = 1;
				DEAD_CODE_STRIPPING = YES;
				DEBUG_INFORMATION_FORMAT = "dwarf-with-dsym";
				ENABLE_NS_ASSERTIONS = NO;
				ENABLE_STRICT_OBJC_MSGSEND = YES;
				ENABLE_USER_SCRIPT_SANDBOXING = YES;
				GCC_C_LANGUAGE_STANDARD = gnu17;
				GCC_NO_COMMON_BLOCKS = YES;
				GCC_WARN_64_TO_32_BIT_CONVERSION = YES;
				GCC_WARN_ABOUT_RETURN_TYPE = YES_ERROR;
				GCC_WARN_UNDECLARED_SELECTOR = YES;
				GCC_WARN_UNINITIALIZED_AUTOS = YES_AGGRESSIVE;
				GCC_WARN_UNUSED_FUNCTION = YES;
				GCC_WARN_UNUSED_VARIABLE = YES;
				LOCALIZATION_PREFERS_STRING_CATALOGS = YES;
				MACOSX_DEPLOYMENT_TARGET = 13.6;
				MTL_ENABLE_DEBUG_INFO = NO;
				MTL_FAST_MATH = YES;
				SDKROOT = macosx;
				SWIFT_COMPILATION_MODE = wholemodule;
				VERSIONING_SYSTEM = "apple-generic";
				VERSION_INFO_PREFIX = "";
			};
			name = Release;
		};
		80BDE17C2C174816007D19CD /* Debug */ = {
			isa = XCBuildConfiguration;
			buildSettings = {
				CLANG_ENABLE_MODULES = YES;
				CODE_SIGN_IDENTITY = "";
				CODE_SIGN_STYLE = Automatic;
				COMBINE_HIDPI_IMAGES = YES;
				CURRENT_PROJECT_VERSION = 1;
				DEAD_CODE_STRIPPING = YES;
				DEFINES_MODULE = YES;
				DEVELOPMENT_TEAM = 3B6C7FXL3U;
				DYLIB_COMPATIBILITY_VERSION = 1;
				DYLIB_CURRENT_VERSION = 1;
				DYLIB_INSTALL_NAME_BASE = "@rpath";
				ENABLE_MODULE_VERIFIER = YES;
				GENERATE_INFOPLIST_FILE = YES;
				INFOPLIST_KEY_NSHumanReadableCopyright = "";
				INSTALL_PATH = "$(LOCAL_LIBRARY_DIR)/Frameworks";
				LD_RUNPATH_SEARCH_PATHS = (
					"$(inherited)",
					"@executable_path/../Frameworks",
					"@loader_path/Frameworks",
				);
				MARKETING_VERSION = 1.0;
				MODULE_VERIFIER_SUPPORTED_LANGUAGES = "objective-c objective-c++";
				MODULE_VERIFIER_SUPPORTED_LANGUAGE_STANDARDS = "gnu17 gnu++20";
				PRODUCT_BUNDLE_IDENTIFIER = me.mariomastrandrea.EssentialFeed;
				PRODUCT_NAME = "$(TARGET_NAME:c99extidentifier)";
				SKIP_INSTALL = YES;
				SWIFT_EMIT_LOC_STRINGS = YES;
				SWIFT_OPTIMIZATION_LEVEL = "-Onone";
				SWIFT_VERSION = 5.0;
			};
			name = Debug;
		};
		80BDE17D2C174816007D19CD /* Release */ = {
			isa = XCBuildConfiguration;
			buildSettings = {
				CLANG_ENABLE_MODULES = YES;
				CODE_SIGN_IDENTITY = "";
				CODE_SIGN_STYLE = Automatic;
				COMBINE_HIDPI_IMAGES = YES;
				CURRENT_PROJECT_VERSION = 1;
				DEAD_CODE_STRIPPING = YES;
				DEFINES_MODULE = YES;
				DEVELOPMENT_TEAM = 3B6C7FXL3U;
				DYLIB_COMPATIBILITY_VERSION = 1;
				DYLIB_CURRENT_VERSION = 1;
				DYLIB_INSTALL_NAME_BASE = "@rpath";
				ENABLE_MODULE_VERIFIER = YES;
				GENERATE_INFOPLIST_FILE = YES;
				INFOPLIST_KEY_NSHumanReadableCopyright = "";
				INSTALL_PATH = "$(LOCAL_LIBRARY_DIR)/Frameworks";
				LD_RUNPATH_SEARCH_PATHS = (
					"$(inherited)",
					"@executable_path/../Frameworks",
					"@loader_path/Frameworks",
				);
				MARKETING_VERSION = 1.0;
				MODULE_VERIFIER_SUPPORTED_LANGUAGES = "objective-c objective-c++";
				MODULE_VERIFIER_SUPPORTED_LANGUAGE_STANDARDS = "gnu17 gnu++20";
				PRODUCT_BUNDLE_IDENTIFIER = me.mariomastrandrea.EssentialFeed;
				PRODUCT_NAME = "$(TARGET_NAME:c99extidentifier)";
				SKIP_INSTALL = YES;
				SWIFT_EMIT_LOC_STRINGS = YES;
				SWIFT_VERSION = 5.0;
			};
			name = Release;
		};
		80BDE17F2C174816007D19CD /* Debug */ = {
			isa = XCBuildConfiguration;
			buildSettings = {
				ALWAYS_EMBED_SWIFT_STANDARD_LIBRARIES = YES;
				CODE_SIGN_STYLE = Automatic;
				CURRENT_PROJECT_VERSION = 1;
				DEAD_CODE_STRIPPING = YES;
				DEVELOPMENT_TEAM = VTR8R2VT5H;
				GENERATE_INFOPLIST_FILE = YES;
				MARKETING_VERSION = 1.0;
				PRODUCT_BUNDLE_IDENTIFIER = me.mariomastrandrea.EssentialFeedTests;
				PRODUCT_NAME = "$(TARGET_NAME)";
				SWIFT_EMIT_LOC_STRINGS = NO;
				SWIFT_VERSION = 5.0;
			};
			name = Debug;
		};
		80BDE1802C174816007D19CD /* Release */ = {
			isa = XCBuildConfiguration;
			buildSettings = {
				ALWAYS_EMBED_SWIFT_STANDARD_LIBRARIES = YES;
				CODE_SIGN_STYLE = Automatic;
				CURRENT_PROJECT_VERSION = 1;
				DEAD_CODE_STRIPPING = YES;
				DEVELOPMENT_TEAM = VTR8R2VT5H;
				GENERATE_INFOPLIST_FILE = YES;
				MARKETING_VERSION = 1.0;
				PRODUCT_BUNDLE_IDENTIFIER = me.mariomastrandrea.EssentialFeedTests;
				PRODUCT_NAME = "$(TARGET_NAME)";
				SWIFT_EMIT_LOC_STRINGS = NO;
				SWIFT_VERSION = 5.0;
			};
			name = Release;
		};
		80C92F812C26C2FA007178B6 /* Debug */ = {
			isa = XCBuildConfiguration;
			buildSettings = {
				CODE_SIGN_STYLE = Automatic;
				CURRENT_PROJECT_VERSION = 1;
				DEAD_CODE_STRIPPING = YES;
				DEVELOPMENT_TEAM = 3B6C7FXL3U;
				GENERATE_INFOPLIST_FILE = YES;
				MARKETING_VERSION = 1.0;
				PRODUCT_BUNDLE_IDENTIFIER = me.mariomastrandrea.EssentialFeedAPIEndToEndTests;
				PRODUCT_NAME = "$(TARGET_NAME)";
				SWIFT_EMIT_LOC_STRINGS = NO;
				SWIFT_VERSION = 5.0;
			};
			name = Debug;
		};
		80C92F822C26C2FA007178B6 /* Release */ = {
			isa = XCBuildConfiguration;
			buildSettings = {
				CODE_SIGN_STYLE = Automatic;
				CURRENT_PROJECT_VERSION = 1;
				DEAD_CODE_STRIPPING = YES;
				DEVELOPMENT_TEAM = 3B6C7FXL3U;
				GENERATE_INFOPLIST_FILE = YES;
				MARKETING_VERSION = 1.0;
				PRODUCT_BUNDLE_IDENTIFIER = me.mariomastrandrea.EssentialFeedAPIEndToEndTests;
				PRODUCT_NAME = "$(TARGET_NAME)";
				SWIFT_EMIT_LOC_STRINGS = NO;
				SWIFT_VERSION = 5.0;
			};
			name = Release;
		};
/* End XCBuildConfiguration section */

/* Begin XCConfigurationList section */
		8075ACB52C8CA32800C9462C /* Build configuration list for PBXNativeTarget "EssentialFeedCacheIntegrationTests" */ = {
			isa = XCConfigurationList;
			buildConfigurations = (
				8075ACB62C8CA32800C9462C /* Debug */,
				8075ACB72C8CA32800C9462C /* Release */,
			);
			defaultConfigurationIsVisible = 0;
			defaultConfigurationName = Release;
		};
		80BDE1632C174816007D19CD /* Build configuration list for PBXProject "EssentialFeed" */ = {
			isa = XCConfigurationList;
			buildConfigurations = (
				80BDE1792C174816007D19CD /* Debug */,
				80BDE17A2C174816007D19CD /* Release */,
			);
			defaultConfigurationIsVisible = 0;
			defaultConfigurationName = Release;
		};
		80BDE17B2C174816007D19CD /* Build configuration list for PBXNativeTarget "EssentialFeed" */ = {
			isa = XCConfigurationList;
			buildConfigurations = (
				80BDE17C2C174816007D19CD /* Debug */,
				80BDE17D2C174816007D19CD /* Release */,
			);
			defaultConfigurationIsVisible = 0;
			defaultConfigurationName = Release;
		};
		80BDE17E2C174816007D19CD /* Build configuration list for PBXNativeTarget "EssentialFeedTests" */ = {
			isa = XCConfigurationList;
			buildConfigurations = (
				80BDE17F2C174816007D19CD /* Debug */,
				80BDE1802C174816007D19CD /* Release */,
			);
			defaultConfigurationIsVisible = 0;
			defaultConfigurationName = Release;
		};
		80C92F802C26C2FA007178B6 /* Build configuration list for PBXNativeTarget "EssentialFeedAPIEndToEndTests" */ = {
			isa = XCConfigurationList;
			buildConfigurations = (
				80C92F812C26C2FA007178B6 /* Debug */,
				80C92F822C26C2FA007178B6 /* Release */,
			);
			defaultConfigurationIsVisible = 0;
			defaultConfigurationName = Release;
		};
/* End XCConfigurationList section */

/* Begin XCVersionGroup section */
		80AEA1102C8B5EB500C11770 /* FeedStore.xcdatamodeld */ = {
			isa = XCVersionGroup;
			children = (
				80AEA1112C8B5EB500C11770 /* FeedStore.xcdatamodel */,
			);
			currentVersion = 80AEA1112C8B5EB500C11770 /* FeedStore.xcdatamodel */;
			path = FeedStore.xcdatamodeld;
			sourceTree = "<group>";
			versionGroupType = wrapper.xcdatamodel;
		};
/* End XCVersionGroup section */
	};
	rootObject = 80BDE1602C174816007D19CD /* Project object */;
}
